{
  "name": "Murang-aUniversityOftechnologyMapping",
  "lockfileVersion": 3,
  "requires": true,
  "packages": {
    "": {
      "dependencies": {
        "gh-templates": "^0.1.37"
      }
    },
    "node_modules/gh-templates": {
      "version": "0.1.37",
      "resolved": "https://registry.npmjs.org/gh-templates/-/gh-templates-0.1.37.tgz",
      "integrity": "sha512-wwIq5T7qMFFjw+AKN6FEyAf5jVllmkJpd/dCXAxoeWqefc4kFv7wPNTO22u7yqxU6BEg6upNwe+TG0HSpgDzJA==",
      "license": "Apache-2.0",
      "bin": {
        "gh-templates": "bin/gh-templates"
      },
      "engines": {
        "node": ">=14"
      },
      "optionalDependencies": {
        "gh-templates-darwin-arm64": "0.1.37",
        "gh-templates-darwin-x64": "0.1.37",
        "gh-templates-linux-arm64": "0.1.37",
        "gh-templates-linux-x64": "0.1.37",
        "gh-templates-windows-arm64": "0.1.37",
        "gh-templates-windows-x64": "0.1.37"
      }
    },
    "node_modules/gh-templates-darwin-arm64": {
      "version": "0.1.37",
      "resolved": "https://registry.npmjs.org/gh-templates-darwin-arm64/-/gh-templates-darwin-arm64-0.1.37.tgz",
      "integrity": "sha512-ANFW9qT+MszHEyVbtJRq1waP4fVdS4vaKnb2C/uW9JkIQ9LRDKyOhddQ+so0Ux/RPLIlAA1nj4UxfMlYjpvsAA==",
      "cpu": [
        "arm64"
      ],
      "license": "Apache-2.0",
      "optional": true,
      "os": [
        "darwin"
      ],
      "bin": {
        "gh-templates": "bin/gh-templates"
      }
    },
    "node_modules/gh-templates-darwin-x64": {
      "version": "0.1.37",
      "resolved": "https://registry.npmjs.org/gh-templates-darwin-x64/-/gh-templates-darwin-x64-0.1.37.tgz",
      "integrity": "sha512-Ray2ZC3aZyXDZt1yN9sllFKzPQuzpFHyNWxvg/Dm3rAerFp/0g+LNGKThptmsmLB+jvL89zegoYM/w3CJCxXpA==",
      "cpu": [
        "x64"
      ],
      "license": "Apache-2.0",
      "optional": true,
      "os": [
        "darwin"
      ],
      "bin": {
        "gh-templates": "bin/gh-templates"
      }
    },
    "node_modules/gh-templates-linux-arm64": {
      "version": "0.1.37",
      "resolved": "https://registry.npmjs.org/gh-templates-linux-arm64/-/gh-templates-linux-arm64-0.1.37.tgz",
      "integrity": "sha512-zME7B9z2U/xjF3qCHuACx7NiLr70pzeMc8UwjigIflglGYZbICqkcSwHW5pTTYj1V3ylu/AHEn4KQK0SXDyteA==",
      "cpu": [
        "arm64"
      ],
      "license": "Apache-2.0",
      "optional": true,
      "os": [
        "linux"
      ],
      "bin": {
        "gh-templates": "bin/gh-templates"
      }
    },
    "node_modules/gh-templates-linux-x64": {
      "version": "0.1.37",
      "resolved": "https://registry.npmjs.org/gh-templates-linux-x64/-/gh-templates-linux-x64-0.1.37.tgz",
      "integrity": "sha512-6KbtCFFqAsHVhV0pHjD9D1wYe1D8KilFshk9cNSWax56/0cc5QK1XBEiUzoE26kilptpXXh6N6u5Ya6YEmOlUA==",
      "cpu": [
        "x64"
      ],
      "license": "Apache-2.0",
      "optional": true,
      "os": [
        "linux"
      ],
      "bin": {
        "gh-templates": "bin/gh-templates"
      }
    },
    "node_modules/gh-templates-windows-arm64": {
      "version": "0.1.37",
      "resolved": "https://registry.npmjs.org/gh-templates-windows-arm64/-/gh-templates-windows-arm64-0.1.37.tgz",
      "integrity": "sha512-G5DwEweuoePhfzr5r+KoF8HX4Kid5UgHNaAaRU0OAY63nhqCr0uk4NkXY4JYoPzskOQh0kn2jPKJwox/2lMBMw==",
      "cpu": [
        "arm64"
      ],
      "license": "Apache-2.0",
      "optional": true,
      "os": [
        "win32"
      ],
      "bin": {
        "gh-templates": "bin/gh-templates.exe"
      }
    },
    "node_modules/gh-templates-windows-x64": {
      "version": "0.1.37",
      "resolved": "https://registry.npmjs.org/gh-templates-windows-x64/-/gh-templates-windows-x64-0.1.37.tgz",
      "integrity": "sha512-AQBkc/QfOAroLZcBIxEZeB6FLLBNACRXxzgPhvEPmxnlUEz63Hob+1p9HtUQSlOmVOHWxSr0oyVxDWNnbSvjpQ==",
      "cpu": [
        "x64"
      ],
      "license": "Apache-2.0",
      "optional": true,
      "os": [
        "win32"
      ],
      "bin": {
        "gh-templates": "bin/gh-templates.exe"
      }
    }
  }
}
